# THIS IS AN AUTOGENERATED FILE. DO NOT EDIT THIS FILE DIRECTLY.
# yarn lockfile v1


"@jspreadsheet/formula@^2.0.2":
  version "2.0.2"
  resolved "https://registry.yarnpkg.com/@jspreadsheet/formula/-/formula-2.0.2.tgz#e0529f275c086fd7d34179b50450a98aeb56fd58"
  integrity sha512-PDQYf9REQA53I7tVYkvkeyQxrd5jcjUeHgItYnRpjN2QiIQwawSqBDtGGEVQTSboTG+JwgGCuhvOpj7FxeKwew==

"@lit-labs/ssr-dom-shim@^1.4.0":
  version "1.4.0"
  resolved "https://registry.yarnpkg.com/@lit-labs/ssr-dom-shim/-/ssr-dom-shim-1.4.0.tgz#55eb80ab5ef6e188f7e541c1e2bea1ef582413b8"
  integrity sha512-ficsEARKnmmW5njugNYKipTm4SFnbik7CXtoencDZzmzo/dQ+2Q0bgkzJuoJP20Aj0F+izzJjOqsnkd6F/o1bw==

"@lit/reactive-element@^2.1.0":
  version "2.1.1"
  resolved "https://registry.yarnpkg.com/@lit/reactive-element/-/reactive-element-2.1.1.tgz#0662ac4a43d4898974aef9a6c5cd47b9e331919a"
  integrity sha512-N+dm5PAYdQ8e6UlywyyrgI2t++wFGXfHx+dSJ1oBrg6FAxUj40jId++EaRm80MKX5JnlH1sBsyZ5h0bcZKemCg==
  dependencies:
    "@lit-labs/ssr-dom-shim" "^1.4.0"

"@splidejs/splide@^4.1.4":
  version "4.1.4"
  resolved "https://registry.yarnpkg.com/@splidejs/splide/-/splide-4.1.4.tgz#02d029360569e7d75d28357a9727fc48322015a3"
  integrity sha512-5I30evTJcAJQXt6vJ26g2xEkG+l1nXcpEw4xpKh0/FWQ8ozmAeTbtniVtVmz2sH1Es3vgfC4SS8B2X4o5JMptA==

"@types/trusted-types@^2.0.2":
  version "2.0.7"
  resolved "https://registry.yarnpkg.com/@types/trusted-types/-/trusted-types-2.0.7.tgz#baccb07a970b91707df3a3e8ba6896c57ead2d11"
  integrity sha512-ScaPdn1dQczgbl0QFTeTOmVHFULt394XJgOQNoyVhZ6r2vLnMLJfBPd53SB52T/3G36VI1/g2MZaX0cwDuXsfw==

"@uswds/uswds@^3.13.0":
  version "3.13.0"
  resolved "https://registry.yarnpkg.com/@uswds/uswds/-/uswds-3.13.0.tgz#bab0017fb22083d16e7c09a9083a7ed539359801"
  integrity sha512-8P494gmXv/0sm09ExSdj8wAMjGLnM7UMRY/XgsMIRKnWfDXG+TyuCOKIuD4lqs+gLvSmi1nTQKyd0c0/A7VWJQ==
  dependencies:
    lit "^3.2.1"
    receptor "1.0.0"
  optionalDependencies:
    sass-embedded-linux-x64 "^1.89.0"

bootstrap-datepicker@1.10.1:
  version "1.10.1"
  resolved "https://registry.yarnpkg.com/bootstrap-datepicker/-/bootstrap-datepicker-1.10.1.tgz#0a8bec42957ea1ce1272b91bcf2b53696629fb86"
  integrity sha512-GIe+fsLp9Hi30oW7L2v2Q9/a4+aojrIA2p4ZagtLuKw2lpfQgjJjM0L6vl/lYQydGXWUbpoKbEC/O5tzWIkEKQ==
  dependencies:
    jquery ">=3.4.0 <4.0.0"

datatables.net-dt@^2.3.6:
  version "2.3.6"
  resolved "https://registry.yarnpkg.com/datatables.net-dt/-/datatables.net-dt-2.3.6.tgz#cc0f2eff85136e6b8b5b5bc2175f07f2e872ef2a"
  integrity sha512-8OEUNCEfkeW+TuVUDlT1q6/XXOitgVzCdNqBivw8bK9DnaNk5F6JjT8lE2pQ4uAfoL/dTy2J+HKxTHeTh8HJlg==
  dependencies:
    datatables.net "2.3.6"
    jquery ">=1.7"

datatables.net@2.3.6:
  version "2.3.6"
  resolved "https://registry.yarnpkg.com/datatables.net/-/datatables.net-2.3.6.tgz#a11be57a2b50d7231cae2980a8ff1df3c18b7b17"
  integrity sha512-xQ/dCxrjfxM0XY70wSIzakkTZ6ghERwlLmAPyCnu8Sk5cyt9YvOVyOsFNOa/BZ/lM63Q3i2YSSvp/o7GXZGsbg==
  dependencies:
    jquery ">=1.7"

element-closest@^2.0.1:
  version "2.0.2"
  resolved "https://registry.yarnpkg.com/element-closest/-/element-closest-2.0.2.tgz#72a740a107453382e28df9ce5dbb5a8df0f966ec"
  integrity sha512-QCqAWP3kwj8Gz9UXncVXQGdrhnWxD8SQBSeZp5pOsyCcQ6RpL738L1/tfuwBiMi6F1fYkxqPnBrFBR4L+f49Cg==

jquery-timepicker@^1.3.3:
  version "1.3.3"
  resolved "https://registry.yarnpkg.com/jquery-timepicker/-/jquery-timepicker-1.3.3.tgz#034160c90a52619df68963eda7625d1fca89cb7a"
  integrity sha512-yNIFmG80xyW6W4UNYUFBSQFfnjlz07MSIZRk3GNEnDbqLS0hikTu4l/FKtOMEF9HvP9fQvI27BMMnhiCu6wDsQ==
  dependencies:
    jquery ">= 1.4.3"

jquery-ujs@^1.2.3:
  version "1.2.3"
  resolved "https://registry.yarnpkg.com/jquery-ujs/-/jquery-ujs-1.2.3.tgz#dcac6026ab7268e5ee41faf9d31c997cd4ddd603"
  integrity sha512-59wvfx5vcCTHMeQT1/OwFiAj+UffLIwjRIoXdpO7Z7BCFGepzq9T9oLVeoItjTqjoXfUrHJvV7QU6pUR+UzOoA==

jquery-validation@1.21.0:
  version "1.21.0"
  resolved "https://registry.yarnpkg.com/jquery-validation/-/jquery-validation-1.21.0.tgz#78fc05ab76020912a246af3661b3f54a438bca93"
  integrity sha512-xNot0rlUIgu7duMcQ5qb6MGkGL/Z1PQaRJQoZAURW9+a/2PGOUxY36o/WyNeP2T9R6jvWB8Z9lUVvvQWI/Zs5w==

"jquery@>= 1.4.3", jquery@>=1.7, "jquery@>=3.4.0 <4.0.0", jquery@^3.7.1:
  version "3.7.1"
  resolved "https://registry.yarnpkg.com/jquery/-/jquery-3.7.1.tgz#083ef98927c9a6a74d05a6af02806566d16274de"
  integrity sha512-m4avr8yL8kmFN8psrbFFFmB/If14iN5o9nw/NgnnM+kybDJpRsAynV2BsfpTYrTRysYUdADVD7CkUUizgkpLfg==

jspreadsheet-ce@^5.0.4:
  version "5.0.4"
  resolved "https://registry.yarnpkg.com/jspreadsheet-ce/-/jspreadsheet-ce-5.0.4.tgz#e2794403baf3cd61930d8503c1b87798f6065499"
  integrity sha512-ra1JI1n+tEGgRMzTzNkPZjG0HZz8W6bFGAiTiHl+eYarXdRmS5qDc/ua3l2ev7oZ6Og9kjfrXYHVLUWiVc308w==
  dependencies:
    "@jspreadsheet/formula" "^2.0.2"
    jsuites "^5.12.0"

jsuites@^5.12.0:
  version "5.13.4"
  resolved "https://registry.yarnpkg.com/jsuites/-/jsuites-5.13.4.tgz#42766a16af6f8203dc9aae9a25ae5d78fee9798d"
  integrity sha512-7tcUo4njh5IuhttacrPgzOZHzin43XFAxUpnzJgwInR5mEDl2jp8ofhZ2xgYpgg/t7Oz+bQOoyL4Wj8IQDKDTg==

keyboardevent-key-polyfill@^1.0.2:
  version "1.1.0"
  resolved "https://registry.yarnpkg.com/keyboardevent-key-polyfill/-/keyboardevent-key-polyfill-1.1.0.tgz#8a319d8e45a13172fca56286372f90c1d4c7014c"
  integrity sha512-NTDqo7XhzL1fqmUzYroiyK2qGua7sOMzLav35BfNA/mPUSCtw8pZghHFMTYR9JdnJ23IQz695FcaM6EE6bpbFQ==

lit-element@^4.2.0:
  version "4.2.1"
  resolved "https://registry.yarnpkg.com/lit-element/-/lit-element-4.2.1.tgz#0a3782f36eaa545862fe07f84abcb14b2903a042"
  integrity sha512-WGAWRGzirAgyphK2urmYOV72tlvnxw7YfyLDgQ+OZnM9vQQBQnumQ7jUJe6unEzwGU3ahFOjuz1iz1jjrpCPuw==
  dependencies:
    "@lit-labs/ssr-dom-shim" "^1.4.0"
    "@lit/reactive-element" "^2.1.0"
    lit-html "^3.3.0"

lit-html@^3.3.0:
  version "3.3.1"
  resolved "https://registry.yarnpkg.com/lit-html/-/lit-html-3.3.1.tgz#f0a7e4b9ea0a1d034eb28a4bf2d1b0a0096253e3"
  integrity sha512-S9hbyDu/vs1qNrithiNyeyv64c9yqiW9l+DBgI18fL+MTvOtWoFR0FWiyq1TxaYef5wNlpEmzlXoBlZEO+WjoA==
  dependencies:
    "@types/trusted-types" "^2.0.2"

lit@^3.2.1:
  version "3.3.1"
  resolved "https://registry.yarnpkg.com/lit/-/lit-3.3.1.tgz#9dc79be626bc9a3b824de98b107dd662cabdeda6"
  integrity sha512-Ksr/8L3PTapbdXJCk+EJVB78jDodUMaP54gD24W186zGRARvwrsPfS60wae/SSCTCNZVPd1chXqio1qHQmu4NA==
  dependencies:
    "@lit/reactive-element" "^2.1.0"
    lit-element "^4.2.0"
    lit-html "^3.3.0"

matches-selector@^1.0.0:
  version "1.2.0"
  resolved "https://registry.yarnpkg.com/matches-selector/-/matches-selector-1.2.0.tgz#d1814e7e8f43e69d22ac33c9af727dc884ecf12a"
  integrity sha512-c4vLwYWyl+Ji+U43eU/G5FwxWd4ZH0ePUsFs5y0uwD9HUEFBXUQ1zUUan+78IpRD+y4pUfG0nAzNM292K7ItvA==

object-assign@^4.1.0:
  version "4.1.1"
  resolved "https://registry.yarnpkg.com/object-assign/-/object-assign-4.1.1.tgz#2109adc7965887cfc05cbbd442cac8bfbb360863"
  integrity sha512-rJgTQnkUnH1sFw8yT6VSU3zD3sWmu6sZhIseY8VX+GRu3P6F7Fu+JNDoXfklElbLJSnc3FUQHVe4cU5hj+BcUg==

plotly.js-dist-min@^3.4.0:
  version "3.4.0"
  resolved "https://registry.yarnpkg.com/plotly.js-dist-min/-/plotly.js-dist-min-3.4.0.tgz#02b81de918914d34e82dc0ed3c5ef402a3e477b8"
  integrity sha512-eo7xh7oyE9fFoE/wintgmvfOjvTKwCb3wRf9ShQv90du4n+EVkOY7w5qEkmUS9SSkHRnAw8sk/0QI7wEc5U+8Q==

prettier@3.8.1:
  version "3.8.1"
  resolved "https://registry.yarnpkg.com/prettier/-/prettier-3.8.1.tgz#edf48977cf991558f4fcbd8a3ba6015ba2a3a173"
  integrity sha512-UOnG6LftzbdaHZcKoPFtOcCKztrQ57WkHDeRD9t/PTQtmT0NHSeWWepj6pS0z/N7+08BHFDQVUrfmfMRcZwbMg==

receptor@1.0.0:
  version "1.0.0"
  resolved "https://registry.yarnpkg.com/receptor/-/receptor-1.0.0.tgz#bf54477e0387e44bebf3855120bbda5adea08f8b"
  integrity sha512-yvVEqVQDNzEmGkluCkEdbKSXqZb3WGxotI/VukXIQ+4/BXEeXVjWtmC6jWaR1BIsmEAGYQy3OTaNgDj2Svr01w==
  dependencies:
    element-closest "^2.0.1"
    keyboardevent-key-polyfill "^1.0.2"
    matches-selector "^1.0.0"
    object-assign "^4.1.0"

sass-embedded-linux-x64@^1.89.0:
  version "1.89.2"
  resolved "https://registry.yarnpkg.com/sass-embedded-linux-x64/-/sass-embedded-linux-x64-1.89.2.tgz#9a58127a312e7c011e3a20470ff5707b9aa78536"
  integrity sha512-Ax7dKvzncyQzIl4r7012KCMBvJzOz4uwSNoyoM5IV6y5I1f5hEwI25+U4WfuTqdkv42taCMgpjZbh9ERr6JVMQ==

underscore@1.13.7:
  version "1.13.7"
  resolved "https://registry.yarnpkg.com/underscore/-/underscore-1.13.7.tgz#970e33963af9a7dda228f17ebe8399e5fbe63a10"
  integrity sha512-GMXzWtsc57XAtguZgaQViUOzs0KTkk8ojr3/xAxXLITqf/3EMwxC0inyETfDFjH/Krbhuep0HNbbjI9i/q3F3g==
